{
  "requires": true,
  "lockfileVersion": 1,
  "dependencies": {
    "rete": {
      "version": "1.0.0-beta.5",
      "resolved": "https://registry.npmjs.org/rete/-/rete-1.0.0-beta.5.tgz",
      "integrity": "sha512-/bdSJlAyyCPCGpUKlo9THZvl5Q3JKE17v5ASexUlGrYRPQv+E389AM2o00rGmAqXLo+G/MKgVC82J+EZ8UXQuA=="
    },
    "rete-connection-plugin": {
      "version": "0.3.2",
      "resolved": "https://registry.npmjs.org/rete-connection-plugin/-/rete-connection-plugin-0.3.2.tgz",
      "integrity": "sha512-w2/xCx1x4uxRC9XvlXw4ObdbWfRV+HQSC5nNgw7HlXhv/KfZCJ7Dt+hKkaKwASA3/Kjotk8pTMXM0YGQx317wg=="
    },
    "rete-vue-render-plugin": {
      "version": "0.2.5",
      "resolved": "https://registry.npmjs.org/rete-vue-render-plugin/-/rete-vue-render-plugin-0.2.5.tgz",
      "integrity": "sha512-3bs0UA3hgKaoIPO9SyJ1WMuLev0kwwebhu/jtoHLJvqDcqeNbIqns/WrZufoSY+d6i1lysAYpNgsG7lBbEy0Dg==",
      "requires": {
        "vue": "2.5.17"
      }
    },
    "vue": {
      "version": "2.5.17",
      "resolved": "https://registry.npmjs.org/vue/-/vue-2.5.17.tgz",
      "integrity": "sha512-mFbcWoDIJi0w0Za4emyLiW72Jae0yjANHbCVquMKijcavBGypqlF7zHRgMa5k4sesdv7hv2rB4JPdZfR+TPfhQ=="
    }
  }
}
